// !$*UTF8*$!
{
	archiveVersion = 1;
	classes = {
	};
	objectVersion = 56;
	objects = {

/* Begin PBXBuildFile section */
		762FEBAD2D8CE8CF0058F107 /* Measurement.swift in Sources */ = {isa = PBXBuildFile; fileRef = 762FEBAC2D8CE8CF0058F107 /* Measurement.swift */; };
		762FEBAF2D8CE8DE0058F107 /* ChallengeResult.swift in Sources */ = {isa = PBXBuildFile; fileRef = 762FEBAE2D8CE8DE0058F107 /* ChallengeResult.swift */; };
		762FEBB12D8CE91F0058F107 /* Workout.swift in Sources */ = {isa = PBXBuildFile; fileRef = 762FEBB02D8CE91F0058F107 /* Workout.swift */; };
		762FEBB32D8CE9430058F107 /* Exercise.swift in Sources */ = {isa = PBXBuildFile; fileRef = 762FEBB22D8CE9430058F107 /* Exercise.swift */; };
		762FEBB52D8CE9500058F107 /* UserProfile.swift in Sources */ = {isa = PBXBuildFile; fileRef = 762FEBB42D8CE9500058F107 /* UserProfile.swift */; };
		762FEBB72D8CE95F0058F107 /* KnowledgeItem.swift in Sources */ = {isa = PBXBuildFile; fileRef = 762FEBB62D8CE95F0058F107 /* KnowledgeItem.swift */; };
		762FEBBA2D8CE9910058F107 /* ProgressViewModel.swift in Sources */ = {isa = PBXBuildFile; fileRef = 762FEBB92D8CE9910058F107 /* ProgressViewModel.swift */; };
		762FEBBC2D8CE9A10058F107 /* MeasurementViewModel.swift in Sources */ = {isa = PBXBuildFile; fileRef = 762FEBBB2D8CE9A10058F107 /* MeasurementViewModel.swift */; };
		762FEBBE2D8CE9AD0058F107 /* ChallengeViewModel.swift in Sources */ = {isa = PBXBuildFile; fileRef = 762FEBBD2D8CE9AD0058F107 /* ChallengeViewModel.swift */; };
		762FEBC02D8CE9B90058F107 /* WorkoutViewModel.swift in Sources */ = {isa = PBXBuildFile; fileRef = 762FEBBF2D8CE9B90058F107 /* WorkoutViewModel.swift */; };
		762FEBC22D8CE9C70058F107 /* KnowledgeViewModel.swift in Sources */ = {isa = PBXBuildFile; fileRef = 762FEBC12D8CE9C70058F107 /* KnowledgeViewModel.swift */; };
		762FEBC42D8CE9D50058F107 /* ProfileViewModel.swift in Sources */ = {isa = PBXBuildFile; fileRef = 762FEBC32D8CE9D50058F107 /* ProfileViewModel.swift */; };
		762FEBC82D8CEA820058F107 /* MainTabView.swift in Sources */ = {isa = PBXBuildFile; fileRef = 762FEBC72D8CEA820058F107 /* MainTabView.swift */; };
		762FEBCA2D8CEBE50058F107 /* ProgressTabView.swift in Sources */ = {isa = PBXBuildFile; fileRef = 762FEBC92D8CEBE50058F107 /* ProgressTabView.swift */; };
		762FEBCC2D8CEC160058F107 /* WorkoutTabView.swift in Sources */ = {isa = PBXBuildFile; fileRef = 762FEBCB2D8CEC160058F107 /* WorkoutTabView.swift */; };
		762FEBCE2D8CEC240058F107 /* KnowledgeTabView.swift in Sources */ = {isa = PBXBuildFile; fileRef = 762FEBCD2D8CEC240058F107 /* KnowledgeTabView.swift */; };
		762FEBD02D8CEC320058F107 /* ProfileTabView.swift in Sources */ = {isa = PBXBuildFile; fileRef = 762FEBCF2D8CEC310058F107 /* ProfileTabView.swift */; };
		762FEBD32D8CECF70058F107 /* ChallengeView.swift in Sources */ = {isa = PBXBuildFile; fileRef = 762FEBD22D8CECF70058F107 /* ChallengeView.swift */; };
		762FEBD52D8CED070058F107 /* ProgressGraphView.swift in Sources */ = {isa = PBXBuildFile; fileRef = 762FEBD42D8CED070058F107 /* ProgressGraphView.swift */; };
		762FEBD72D8CED980058F107 /* MeasurementSheetView.swift in Sources */ = {isa = PBXBuildFile; fileRef = 762FEBD62D8CED980058F107 /* MeasurementSheetView.swift */; };
		762FEBD92D8CEDB20058F107 /* ChallengeSheetView.swift in Sources */ = {isa = PBXBuildFile; fileRef = 762FEBD82D8CEDB20058F107 /* ChallengeSheetView.swift */; };
		762FEBDB2D8CEDD50058F107 /* ProgressBarView.swift in Sources */ = {isa = PBXBuildFile; fileRef = 762FEBDA2D8CEDD50058F107 /* ProgressBarView.swift */; };
		762FEBDE2D8CEE620058F107 /* WorkoutSheetView.swift in Sources */ = {isa = PBXBuildFile; fileRef = 762FEBDD2D8CEE620058F107 /* WorkoutSheetView.swift */; };
		762FEBE02D8CEE720058F107 /* WorkoutDetailView.swift in Sources */ = {isa = PBXBuildFile; fileRef = 762FEBDF2D8CEE720058F107 /* WorkoutDetailView.swift */; };
		762FEBE22D8CEEA50058F107 /* ExerciseRingView.swift in Sources */ = {isa = PBXBuildFile; fileRef = 762FEBE12D8CEEA50058F107 /* ExerciseRingView.swift */; };
		762FEBE42D8CEEBB0058F107 /* WorkoutScrollerView.swift in Sources */ = {isa = PBXBuildFile; fileRef = 762FEBE32D8CEEBB0058F107 /* WorkoutScrollerView.swift */; };
		762FEBE62D8CEEE30058F107 /* WorkoutFinishView.swift in Sources */ = {isa = PBXBuildFile; fileRef = 762FEBE52D8CEEE30058F107 /* WorkoutFinishView.swift */; };
		762FEBE82D8CEF000058F107 /* StreakWeekView.swift in Sources */ = {isa = PBXBuildFile; fileRef = 762FEBE72D8CEF000058F107 /* StreakWeekView.swift */; };
		762FEBEA2D8CEF0F0058F107 /* StreakWeekViewModel.swift in Sources */ = {isa = PBXBuildFile; fileRef = 762FEBE92D8CEF0F0058F107 /* StreakWeekViewModel.swift */; };
		762FEBED2D8CEF5C0058F107 /* KnowledgeView.swift in Sources */ = {isa = PBXBuildFile; fileRef = 762FEBEC2D8CEF5C0058F107 /* KnowledgeView.swift */; };
		762FEBEF2D8CEF6F0058F107 /* KnowledgeDetailView.swift in Sources */ = {isa = PBXBuildFile; fileRef = 762FEBEE2D8CEF6F0058F107 /* KnowledgeDetailView.swift */; };
		762FEBF32D8CEFAD0058F107 /* NotificationsManager.swift in Sources */ = {isa = PBXBuildFile; fileRef = 762FEBF22D8CEFAD0058F107 /* NotificationsManager.swift */; };
		762FEBF52D8CEFB80058F107 /* SubscriptionsManager.swift in Sources */ = {isa = PBXBuildFile; fileRef = 762FEBF42D8CEFB80058F107 /* SubscriptionsManager.swift */; };
		76711AFB2D8CD62500FFEE50 /* HOLDApp.swift in Sources */ = {isa = PBXBuildFile; fileRef = 76711AFA2D8CD62500FFEE50 /* HOLDApp.swift */; };
		76711AFF2D8CD62700FFEE50 /* Assets.xcassets in Resources */ = {isa = PBXBuildFile; fileRef = 76711AFE2D8CD62700FFEE50 /* Assets.xcassets */; };
		76711B022D8CD62700FFEE50 /* Preview Assets.xcassets in Resources */ = {isa = PBXBuildFile; fileRef = 76711B012D8CD62700FFEE50 /* Preview Assets.xcassets */; };
		7C149D612DB837A6003C0297 /* ChallengeActivityView.swift in Sources */ = {isa = PBXBuildFile; fileRef = 7C149D602DB837A6003C0297 /* ChallengeActivityView.swift */; };
		7C149D632DB99B99003C0297 /* ChallengeRankView.swift in Sources */ = {isa = PBXBuildFile; fileRef = 7C149D622DB99B99003C0297 /* ChallengeRankView.swift */; };
		7C1FADBD2DC808D200F3EE18 /* StartView.swift in Sources */ = {isa = PBXBuildFile; fileRef = 7C1FADBC2DC808D200F3EE18 /* StartView.swift */; };
		7C1FADBF2DC826EF00F3EE18 /* PersonalPlanView.swift in Sources */ = {isa = PBXBuildFile; fileRef = 7C1FADBE2DC826EF00F3EE18 /* PersonalPlanView.swift */; };
		7C22B9632DC797F1002C3A6E /* ChallengeCompletionView.swift in Sources */ = {isa = PBXBuildFile; fileRef = 7C22B9622DC797F1002C3A6E /* ChallengeCompletionView.swift */; };
		7C22B9682DC7A05A002C3A6E /* MeasurementView.swift in Sources */ = {isa = PBXBuildFile; fileRef = 7C22B9672DC7A05A002C3A6E /* MeasurementView.swift */; };
		7C22B9692DC7A05A002C3A6E /* MeasurementCompletionView.swift in Sources */ = {isa = PBXBuildFile; fileRef = 7C22B9662DC7A05A002C3A6E /* MeasurementCompletionView.swift */; };
		7C22B96E2DC7B768002C3A6E /* WorkoutView.swift in Sources */ = {isa = PBXBuildFile; fileRef = 7C22B96D2DC7B768002C3A6E /* WorkoutView.swift */; };
		7C25C4182DC9489C0005B321 /* GoodNewsView.swift in Sources */ = {isa = PBXBuildFile; fileRef = 7C25C4172DC9489C0005B321 /* GoodNewsView.swift */; };
		7C25C41A2DC94F260005B321 /* UserStorage.swift in Sources */ = {isa = PBXBuildFile; fileRef = 7C25C4192DC94F260005B321 /* UserStorage.swift */; };
		7C25C41C2DC956340005B321 /* TryHoldWorkoutView.swift in Sources */ = {isa = PBXBuildFile; fileRef = 7C25C41B2DC956340005B321 /* TryHoldWorkoutView.swift */; };
		7C25C41E2DC9758E0005B321 /* BeforeWeStartView.swift in Sources */ = {isa = PBXBuildFile; fileRef = 7C25C41D2DC9758E0005B321 /* BeforeWeStartView.swift */; };
		7C25C4202DC978F50005B321 /* FindLocationView.swift in Sources */ = {isa = PBXBuildFile; fileRef = 7C25C41F2DC978F50005B321 /* FindLocationView.swift */; };
		7C25C4222DCAAE440005B321 /* TryExerciseView.swift in Sources */ = {isa = PBXBuildFile; fileRef = 7C25C4212DCAAE440005B321 /* TryExerciseView.swift */; };
		7C25C4242DCC65E80005B321 /* TutorialWorkoutDetailView.swift in Sources */ = {isa = PBXBuildFile; fileRef = 7C25C4232DCC65E80005B321 /* TutorialWorkoutDetailView.swift */; };
		7C25C4262DCC69F20005B321 /* TutorialWorkoutFinishView.swift in Sources */ = {isa = PBXBuildFile; fileRef = 7C25C4252DCC69F20005B321 /* TutorialWorkoutFinishView.swift */; };
		7C25C4282DCC6B530005B321 /* ProgressFinishView.swift in Sources */ = {isa = PBXBuildFile; fileRef = 7C25C4272DCC6B530005B321 /* ProgressFinishView.swift */; };
		7C25C42A2DCC6DF70005B321 /* ReviewView.swift in Sources */ = {isa = PBXBuildFile; fileRef = 7C25C4292DCC6DF70005B321 /* ReviewView.swift */; };
		7C25C42C2DCC73B60005B321 /* MilestoneView.swift in Sources */ = {isa = PBXBuildFile; fileRef = 7C25C42B2DCC73B60005B321 /* MilestoneView.swift */; };
		7C91AB2F2DAED90F00976240 /* knowledge_sample.json in Resources */ = {isa = PBXBuildFile; fileRef = 7C91AB2E2DAED90F00976240 /* knowledge_sample.json */; };
		7CA106B32DA564A6000950FC /* Font+Extension.swift in Sources */ = {isa = PBXBuildFile; fileRef = 7CA106B22DA564A6000950FC /* Font+Extension.swift */; };
		7CA106B52DA564B4000950FC /* CustomFont.swift in Sources */ = {isa = PBXBuildFile; fileRef = 7CA106B42DA564B4000950FC /* CustomFont.swift */; };
		7CA106B92DA57F4D000950FC /* NavigationManager.swift in Sources */ = {isa = PBXBuildFile; fileRef = 7CA106B82DA57F4D000950FC /* NavigationManager.swift */; };
		7CA106BB2DA58119000950FC /* SplashView.swift in Sources */ = {isa = PBXBuildFile; fileRef = 7CA106BA2DA58119000950FC /* SplashView.swift */; };
		7CA106BF2DA58565000950FC /* AppDelegate.swift in Sources */ = {isa = PBXBuildFile; fileRef = 7CA106BE2DA58565000950FC /* AppDelegate.swift */; };
		7CA106C12DA5BA35000950FC /* View+Extension.swift in Sources */ = {isa = PBXBuildFile; fileRef = 7CA106C02DA5BA35000950FC /* View+Extension.swift */; };
		7CA106C32DA5C89D000950FC /* MeasurementActivityView.swift in Sources */ = {isa = PBXBuildFile; fileRef = 7CA106C22DA5C896000950FC /* MeasurementActivityView.swift */; };
		7CA106C82DA6D467000950FC /* ColorExtension.swift in Sources */ = {isa = PBXBuildFile; fileRef = 7CA106C72DA6D45F000950FC /* ColorExtension.swift */; };
		7CA82F352DC7E1BF001C0DFD /* OnboardingQuestion.swift in Sources */ = {isa = PBXBuildFile; fileRef = 7CA82F342DC7E1BF001C0DFD /* OnboardingQuestion.swift */; };
		7CA82F382DC7E842001C0DFD /* OnboardingView.swift in Sources */ = {isa = PBXBuildFile; fileRef = 7CA82F372DC7E842001C0DFD /* OnboardingView.swift */; };
		7CBB89D62DBAD1E300C8429E /* test_workout_hold.json in Resources */ = {isa = PBXBuildFile; fileRef = 7CBB89D52DBAD1E300C8429E /* test_workout_hold.json */; };
		7CCDA3832DC19E7300C6A84A /* AppBackground.swift in Sources */ = {isa = PBXBuildFile; fileRef = 7CCDA3822DC19E7300C6A84A /* AppBackground.swift */; };
		9CD9E0C32DC5719A00411006 /* KeyboardResponder.swift in Sources */ = {isa = PBXBuildFile; fileRef = 9CD9E0C22DC5719A00411006 /* KeyboardResponder.swift */; };
		9CD9E0CC2DC7AFF600411006 /* HapticManager.swift in Sources */ = {isa = PBXBuildFile; fileRef = 9CD9E0CB2DC7AFF600411006 /* HapticManager.swift */; };
		9CD9E0CF2DC7B54E00411006 /* AppsFlyerLib in Frameworks */ = {isa = PBXBuildFile; productRef = 9CD9E0CE2DC7B54E00411006 /* AppsFlyerLib */; };
		9CD9E0D22DC7B62C00411006 /* SuperwallKit in Frameworks */ = {isa = PBXBuildFile; productRef = 9CD9E0D12DC7B62C00411006 /* SuperwallKit */; };
		9CD9E0D42DC7B6B200411006 /* AppsFlyerManager.swift in Sources */ = {isa = PBXBuildFile; fileRef = 9CD9E0D32DC7B6B200411006 /* AppsFlyerManager.swift */; };
/* End PBXBuildFile section */

/* Begin PBXFileReference section */
		762FEBAC2D8CE8CF0058F107 /* Measurement.swift */ = {isa = PBXFileReference; lastKnownFileType = sourcecode.swift; path = Measurement.swift; sourceTree = "<group>"; };
		762FEBAE2D8CE8DE0058F107 /* ChallengeResult.swift */ = {isa = PBXFileReference; lastKnownFileType = sourcecode.swift; path = ChallengeResult.swift; sourceTree = "<group>"; };
		762FEBB02D8CE91F0058F107 /* Workout.swift */ = {isa = PBXFileReference; lastKnownFileType = sourcecode.swift; path = Workout.swift; sourceTree = "<group>"; };
		762FEBB22D8CE9430058F107 /* Exercise.swift */ = {isa = PBXFileReference; lastKnownFileType = sourcecode.swift; path = Exercise.swift; sourceTree = "<group>"; };
		762FEBB42D8CE9500058F107 /* UserProfile.swift */ = {isa = PBXFileReference; lastKnownFileType = sourcecode.swift; path = UserProfile.swift; sourceTree = "<group>"; };
		762FEBB62D8CE95F0058F107 /* KnowledgeItem.swift */ = {isa = PBXFileReference; lastKnownFileType = sourcecode.swift; path = KnowledgeItem.swift; sourceTree = "<group>"; };
		762FEBB92D8CE9910058F107 /* ProgressViewModel.swift */ = {isa = PBXFileReference; lastKnownFileType = sourcecode.swift; path = ProgressViewModel.swift; sourceTree = "<group>"; };
		762FEBBB2D8CE9A10058F107 /* MeasurementViewModel.swift */ = {isa = PBXFileReference; lastKnownFileType = sourcecode.swift; path = MeasurementViewModel.swift; sourceTree = "<group>"; };
		762FEBBD2D8CE9AD0058F107 /* ChallengeViewModel.swift */ = {isa = PBXFileReference; lastKnownFileType = sourcecode.swift; path = ChallengeViewModel.swift; sourceTree = "<group>"; };
		762FEBBF2D8CE9B90058F107 /* WorkoutViewModel.swift */ = {isa = PBXFileReference; lastKnownFileType = sourcecode.swift; path = WorkoutViewModel.swift; sourceTree = "<group>"; };
		762FEBC12D8CE9C70058F107 /* KnowledgeViewModel.swift */ = {isa = PBXFileReference; lastKnownFileType = sourcecode.swift; path = KnowledgeViewModel.swift; sourceTree = "<group>"; };
		762FEBC32D8CE9D50058F107 /* ProfileViewModel.swift */ = {isa = PBXFileReference; lastKnownFileType = sourcecode.swift; path = ProfileViewModel.swift; sourceTree = "<group>"; };
		762FEBC72D8CEA820058F107 /* MainTabView.swift */ = {isa = PBXFileReference; lastKnownFileType = sourcecode.swift; path = MainTabView.swift; sourceTree = "<group>"; };
		762FEBC92D8CEBE50058F107 /* ProgressTabView.swift */ = {isa = PBXFileReference; lastKnownFileType = sourcecode.swift; path = ProgressTabView.swift; sourceTree = "<group>"; };
		762FEBCB2D8CEC160058F107 /* WorkoutTabView.swift */ = {isa = PBXFileReference; lastKnownFileType = sourcecode.swift; path = WorkoutTabView.swift; sourceTree = "<group>"; };
		762FEBCD2D8CEC240058F107 /* KnowledgeTabView.swift */ = {isa = PBXFileReference; lastKnownFileType = sourcecode.swift; path = KnowledgeTabView.swift; sourceTree = "<group>"; };
		762FEBCF2D8CEC310058F107 /* ProfileTabView.swift */ = {isa = PBXFileReference; lastKnownFileType = sourcecode.swift; path = ProfileTabView.swift; sourceTree = "<group>"; };
		762FEBD22D8CECF70058F107 /* ChallengeView.swift */ = {isa = PBXFileReference; lastKnownFileType = sourcecode.swift; path = ChallengeView.swift; sourceTree = "<group>"; };
		762FEBD42D8CED070058F107 /* ProgressGraphView.swift */ = {isa = PBXFileReference; lastKnownFileType = sourcecode.swift; path = ProgressGraphView.swift; sourceTree = "<group>"; };
		762FEBD62D8CED980058F107 /* MeasurementSheetView.swift */ = {isa = PBXFileReference; lastKnownFileType = sourcecode.swift; path = MeasurementSheetView.swift; sourceTree = "<group>"; };
		762FEBD82D8CEDB20058F107 /* ChallengeSheetView.swift */ = {isa = PBXFileReference; lastKnownFileType = sourcecode.swift; path = ChallengeSheetView.swift; sourceTree = "<group>"; };
		762FEBDA2D8CEDD50058F107 /* ProgressBarView.swift */ = {isa = PBXFileReference; lastKnownFileType = sourcecode.swift; path = ProgressBarView.swift; sourceTree = "<group>"; };
		762FEBDD2D8CEE620058F107 /* WorkoutSheetView.swift */ = {isa = PBXFileReference; lastKnownFileType = sourcecode.swift; path = WorkoutSheetView.swift; sourceTree = "<group>"; };
		762FEBDF2D8CEE720058F107 /* WorkoutDetailView.swift */ = {isa = PBXFileReference; lastKnownFileType = sourcecode.swift; path = WorkoutDetailView.swift; sourceTree = "<group>"; };
		762FEBE12D8CEEA50058F107 /* ExerciseRingView.swift */ = {isa = PBXFileReference; lastKnownFileType = sourcecode.swift; path = ExerciseRingView.swift; sourceTree = "<group>"; };
		762FEBE32D8CEEBB0058F107 /* WorkoutScrollerView.swift */ = {isa = PBXFileReference; lastKnownFileType = sourcecode.swift; path = WorkoutScrollerView.swift; sourceTree = "<group>"; };
		762FEBE52D8CEEE30058F107 /* WorkoutFinishView.swift */ = {isa = PBXFileReference; lastKnownFileType = sourcecode.swift; path = WorkoutFinishView.swift; sourceTree = "<group>"; };
		762FEBE72D8CEF000058F107 /* StreakWeekView.swift */ = {isa = PBXFileReference; lastKnownFileType = sourcecode.swift; path = StreakWeekView.swift; sourceTree = "<group>"; };
		762FEBE92D8CEF0F0058F107 /* StreakWeekViewModel.swift */ = {isa = PBXFileReference; lastKnownFileType = sourcecode.swift; path = StreakWeekViewModel.swift; sourceTree = "<group>"; };
		762FEBEC2D8CEF5C0058F107 /* KnowledgeView.swift */ = {isa = PBXFileReference; lastKnownFileType = sourcecode.swift; path = KnowledgeView.swift; sourceTree = "<group>"; };
		762FEBEE2D8CEF6F0058F107 /* KnowledgeDetailView.swift */ = {isa = PBXFileReference; lastKnownFileType = sourcecode.swift; path = KnowledgeDetailView.swift; sourceTree = "<group>"; };
		762FEBF22D8CEFAD0058F107 /* NotificationsManager.swift */ = {isa = PBXFileReference; lastKnownFileType = sourcecode.swift; path = NotificationsManager.swift; sourceTree = "<group>"; };
		762FEBF42D8CEFB80058F107 /* SubscriptionsManager.swift */ = {isa = PBXFileReference; lastKnownFileType = sourcecode.swift; path = SubscriptionsManager.swift; sourceTree = "<group>"; };
		76711AF72D8CD62500FFEE50 /* HOLD.app */ = {isa = PBXFileReference; explicitFileType = wrapper.application; includeInIndex = 0; path = HOLD.app; sourceTree = BUILT_PRODUCTS_DIR; };
		76711AFA2D8CD62500FFEE50 /* HOLDApp.swift */ = {isa = PBXFileReference; lastKnownFileType = sourcecode.swift; path = HOLDApp.swift; sourceTree = "<group>"; };
		76711AFE2D8CD62700FFEE50 /* Assets.xcassets */ = {isa = PBXFileReference; lastKnownFileType = folder.assetcatalog; path = Assets.xcassets; sourceTree = "<group>"; };
		76711B012D8CD62700FFEE50 /* Preview Assets.xcassets */ = {isa = PBXFileReference; lastKnownFileType = folder.assetcatalog; path = "Preview Assets.xcassets"; sourceTree = "<group>"; };
		7C149D602DB837A6003C0297 /* ChallengeActivityView.swift */ = {isa = PBXFileReference; lastKnownFileType = sourcecode.swift; path = ChallengeActivityView.swift; sourceTree = "<group>"; };
		7C149D622DB99B99003C0297 /* ChallengeRankView.swift */ = {isa = PBXFileReference; lastKnownFileType = sourcecode.swift; path = ChallengeRankView.swift; sourceTree = "<group>"; };
		7C1FADBC2DC808D200F3EE18 /* StartView.swift */ = {isa = PBXFileReference; lastKnownFileType = sourcecode.swift; path = StartView.swift; sourceTree = "<group>"; };
		7C1FADBE2DC826EF00F3EE18 /* PersonalPlanView.swift */ = {isa = PBXFileReference; lastKnownFileType = sourcecode.swift; path = PersonalPlanView.swift; sourceTree = "<group>"; };
		7C22B9622DC797F1002C3A6E /* ChallengeCompletionView.swift */ = {isa = PBXFileReference; lastKnownFileType = sourcecode.swift; path = ChallengeCompletionView.swift; sourceTree = "<group>"; };
		7C22B9662DC7A05A002C3A6E /* MeasurementCompletionView.swift */ = {isa = PBXFileReference; lastKnownFileType = sourcecode.swift; path = MeasurementCompletionView.swift; sourceTree = "<group>"; };
		7C22B9672DC7A05A002C3A6E /* MeasurementView.swift */ = {isa = PBXFileReference; lastKnownFileType = sourcecode.swift; path = MeasurementView.swift; sourceTree = "<group>"; };
		7C22B96D2DC7B768002C3A6E /* WorkoutView.swift */ = {isa = PBXFileReference; lastKnownFileType = sourcecode.swift; path = WorkoutView.swift; sourceTree = "<group>"; };
		7C25C4172DC9489C0005B321 /* GoodNewsView.swift */ = {isa = PBXFileReference; lastKnownFileType = sourcecode.swift; path = GoodNewsView.swift; sourceTree = "<group>"; };
		7C25C4192DC94F260005B321 /* UserStorage.swift */ = {isa = PBXFileReference; lastKnownFileType = sourcecode.swift; path = UserStorage.swift; sourceTree = "<group>"; };
		7C25C41B2DC956340005B321 /* TryHoldWorkoutView.swift */ = {isa = PBXFileReference; lastKnownFileType = sourcecode.swift; path = TryHoldWorkoutView.swift; sourceTree = "<group>"; };
		7C25C41D2DC9758E0005B321 /* BeforeWeStartView.swift */ = {isa = PBXFileReference; lastKnownFileType = sourcecode.swift; path = BeforeWeStartView.swift; sourceTree = "<group>"; };
		7C25C41F2DC978F50005B321 /* FindLocationView.swift */ = {isa = PBXFileReference; lastKnownFileType = sourcecode.swift; path = FindLocationView.swift; sourceTree = "<group>"; };
		7C25C4212DCAAE440005B321 /* TryExerciseView.swift */ = {isa = PBXFileReference; lastKnownFileType = sourcecode.swift; path = TryExerciseView.swift; sourceTree = "<group>"; };
		7C25C4232DCC65E80005B321 /* TutorialWorkoutDetailView.swift */ = {isa = PBXFileReference; lastKnownFileType = sourcecode.swift; path = TutorialWorkoutDetailView.swift; sourceTree = "<group>"; };
		7C25C4252DCC69F20005B321 /* TutorialWorkoutFinishView.swift */ = {isa = PBXFileReference; lastKnownFileType = sourcecode.swift; path = TutorialWorkoutFinishView.swift; sourceTree = "<group>"; };
		7C25C4272DCC6B530005B321 /* ProgressFinishView.swift */ = {isa = PBXFileReference; lastKnownFileType = sourcecode.swift; path = ProgressFinishView.swift; sourceTree = "<group>"; };
		7C25C4292DCC6DF70005B321 /* ReviewView.swift */ = {isa = PBXFileReference; lastKnownFileType = sourcecode.swift; path = ReviewView.swift; sourceTree = "<group>"; };
		7C25C42B2DCC73B60005B321 /* MilestoneView.swift */ = {isa = PBXFileReference; lastKnownFileType = sourcecode.swift; path = MilestoneView.swift; sourceTree = "<group>"; };
		7C91AB2E2DAED90F00976240 /* knowledge_sample.json */ = {isa = PBXFileReference; lastKnownFileType = text.json; path = knowledge_sample.json; sourceTree = "<group>"; };
		7CA106B22DA564A6000950FC /* Font+Extension.swift */ = {isa = PBXFileReference; lastKnownFileType = sourcecode.swift; name = "Font+Extension.swift"; path = "../../../TempMail/TempMail/Utilities/Font+Extension.swift"; sourceTree = "<group>"; };
		7CA106B42DA564B4000950FC /* CustomFont.swift */ = {isa = PBXFileReference; lastKnownFileType = sourcecode.swift; name = CustomFont.swift; path = ../../../TempMail/TempMail/Utilities/CustomFont.swift; sourceTree = "<group>"; };
		7CA106B82DA57F4D000950FC /* NavigationManager.swift */ = {isa = PBXFileReference; lastKnownFileType = sourcecode.swift; path = NavigationManager.swift; sourceTree = "<group>"; };
		7CA106BA2DA58119000950FC /* SplashView.swift */ = {isa = PBXFileReference; lastKnownFileType = sourcecode.swift; path = SplashView.swift; sourceTree = "<group>"; };
		7CA106BE2DA58565000950FC /* AppDelegate.swift */ = {isa = PBXFileReference; lastKnownFileType = sourcecode.swift; path = AppDelegate.swift; sourceTree = "<group>"; };
		7CA106C02DA5BA35000950FC /* View+Extension.swift */ = {isa = PBXFileReference; lastKnownFileType = sourcecode.swift; path = "View+Extension.swift"; sourceTree = "<group>"; };
		7CA106C22DA5C896000950FC /* MeasurementActivityView.swift */ = {isa = PBXFileReference; lastKnownFileType = sourcecode.swift; path = MeasurementActivityView.swift; sourceTree = "<group>"; };
		7CA106C72DA6D45F000950FC /* ColorExtension.swift */ = {isa = PBXFileReference; lastKnownFileType = sourcecode.swift; path = ColorExtension.swift; sourceTree = "<group>"; };
		7CA82F342DC7E1BF001C0DFD /* OnboardingQuestion.swift */ = {isa = PBXFileReference; lastKnownFileType = sourcecode.swift; path = OnboardingQuestion.swift; sourceTree = "<group>"; };
		7CA82F372DC7E842001C0DFD /* OnboardingView.swift */ = {isa = PBXFileReference; lastKnownFileType = sourcecode.swift; path = OnboardingView.swift; sourceTree = "<group>"; };
		7CBB89D52DBAD1E300C8429E /* test_workout_hold.json */ = {isa = PBXFileReference; lastKnownFileType = text.json; path = test_workout_hold.json; sourceTree = "<group>"; };
		7CCDA3822DC19E7300C6A84A /* AppBackground.swift */ = {isa = PBXFileReference; lastKnownFileType = sourcecode.swift; path = AppBackground.swift; sourceTree = "<group>"; };
		9CD9E0C22DC5719A00411006 /* KeyboardResponder.swift */ = {isa = PBXFileReference; lastKnownFileType = sourcecode.swift; path = KeyboardResponder.swift; sourceTree = "<group>"; };
		9CD9E0CB2DC7AFF600411006 /* HapticManager.swift */ = {isa = PBXFileReference; lastKnownFileType = sourcecode.swift; path = HapticManager.swift; sourceTree = "<group>"; };
		9CD9E0D32DC7B6B200411006 /* AppsFlyerManager.swift */ = {isa = PBXFileReference; lastKnownFileType = sourcecode.swift; path = AppsFlyerManager.swift; sourceTree = "<group>"; };
		9CD9E0D52DC7C28C00411006 /* Info.plist */ = {isa = PBXFileReference; lastKnownFileType = text.plist; path = Info.plist; sourceTree = "<group>"; };
/* End PBXFileReference section */

/* Begin PBXFrameworksBuildPhase section */
		76711AF42D8CD62500FFEE50 /* Frameworks */ = {
			isa = PBXFrameworksBuildPhase;
			buildActionMask = 2147483647;
			files = (
				9CD9E0CF2DC7B54E00411006 /* AppsFlyerLib in Frameworks */,
				9CD9E0D22DC7B62C00411006 /* SuperwallKit in Frameworks */,
			);
			runOnlyForDeploymentPostprocessing = 0;
		};
/* End PBXFrameworksBuildPhase section */

/* Begin PBXGroup section */
		762FEBAB2D8CE8B80058F107 /* Models */ = {
			isa = PBXGroup;
			children = (
				7CA82F342DC7E1BF001C0DFD /* OnboardingQuestion.swift */,
				762FEBAC2D8CE8CF0058F107 /* Measurement.swift */,
				762FEBAE2D8CE8DE0058F107 /* ChallengeResult.swift */,
				762FEBB02D8CE91F0058F107 /* Workout.swift */,
				762FEBB22D8CE9430058F107 /* Exercise.swift */,
				762FEBB42D8CE9500058F107 /* UserProfile.swift */,
				762FEBB62D8CE95F0058F107 /* KnowledgeItem.swift */,
			);
			path = Models;
			sourceTree = "<group>";
		};
		762FEBB82D8CE97F0058F107 /* ViewModels */ = {
			isa = PBXGroup;
			children = (
				762FEBB92D8CE9910058F107 /* ProgressViewModel.swift */,
				762FEBBB2D8CE9A10058F107 /* MeasurementViewModel.swift */,
				762FEBBD2D8CE9AD0058F107 /* ChallengeViewModel.swift */,
				762FEBBF2D8CE9B90058F107 /* WorkoutViewModel.swift */,
				762FEBC12D8CE9C70058F107 /* KnowledgeViewModel.swift */,
				762FEBC32D8CE9D50058F107 /* ProfileViewModel.swift */,
				762FEBE92D8CEF0F0058F107 /* StreakWeekViewModel.swift */,
			);
			path = ViewModels;
			sourceTree = "<group>";
		};
		762FEBC52D8CEA6E0058F107 /* Views */ = {
			isa = PBXGroup;
			children = (
				7CA82F362DC7E5F9001C0DFD /* Onboarding */,
				7CCDA3822DC19E7300C6A84A /* AppBackground.swift */,
				762FEBEB2D8CEF420058F107 /* Knowledge */,
				762FEBDC2D8CEE2B0058F107 /* Workout */,
				762FEBD12D8CEC3E0058F107 /* Progress */,
				762FEBC62D8CEA760058F107 /* Tabs */,
			);
			path = Views;
			sourceTree = "<group>";
		};
		762FEBC62D8CEA760058F107 /* Tabs */ = {
			isa = PBXGroup;
			children = (
				762FEBC72D8CEA820058F107 /* MainTabView.swift */,
				762FEBC92D8CEBE50058F107 /* ProgressTabView.swift */,
				762FEBCB2D8CEC160058F107 /* WorkoutTabView.swift */,
				762FEBCD2D8CEC240058F107 /* KnowledgeTabView.swift */,
				762FEBCF2D8CEC310058F107 /* ProfileTabView.swift */,
			);
			path = Tabs;
			sourceTree = "<group>";
		};
		762FEBD12D8CEC3E0058F107 /* Progress */ = {
			isa = PBXGroup;
			children = (
				7C22B96A2DC7A063002C3A6E /* Measurement */,
				7C22B9652DC79F14002C3A6E /* Challenges */,
				762FEBD42D8CED070058F107 /* ProgressGraphView.swift */,
				762FEBDA2D8CEDD50058F107 /* ProgressBarView.swift */,
			);
			path = Progress;
			sourceTree = "<group>";
		};
		762FEBDC2D8CEE2B0058F107 /* Workout */ = {
			isa = PBXGroup;
			children = (
				7C22B96D2DC7B768002C3A6E /* WorkoutView.swift */,
				762FEBDD2D8CEE620058F107 /* WorkoutSheetView.swift */,
				762FEBDF2D8CEE720058F107 /* WorkoutDetailView.swift */,
				762FEBE52D8CEEE30058F107 /* WorkoutFinishView.swift */,
				762FEBE12D8CEEA50058F107 /* ExerciseRingView.swift */,
				762FEBE32D8CEEBB0058F107 /* WorkoutScrollerView.swift */,
				762FEBE72D8CEF000058F107 /* StreakWeekView.swift */,
			);
			path = Workout;
			sourceTree = "<group>";
		};
		762FEBEB2D8CEF420058F107 /* Knowledge */ = {
			isa = PBXGroup;
			children = (
				762FEBEC2D8CEF5C0058F107 /* KnowledgeView.swift */,
				762FEBEE2D8CEF6F0058F107 /* KnowledgeDetailView.swift */,
			);
			path = Knowledge;
			sourceTree = "<group>";
		};
		762FEBF12D8CEF9E0058F107 /* Services */ = {
			isa = PBXGroup;
			children = (
				762FEBF22D8CEFAD0058F107 /* NotificationsManager.swift */,
				762FEBF42D8CEFB80058F107 /* SubscriptionsManager.swift */,
				9CD9E0CB2DC7AFF600411006 /* HapticManager.swift */,
				9CD9E0D32DC7B6B200411006 /* AppsFlyerManager.swift */,
			);
			path = Services;
			sourceTree = "<group>";
		};
		76711AEE2D8CD62500FFEE50 = {
			isa = PBXGroup;
			children = (
				76711AF92D8CD62500FFEE50 /* HOLD */,
				76711AF82D8CD62500FFEE50 /* Products */,
			);
			sourceTree = "<group>";
		};
		76711AF82D8CD62500FFEE50 /* Products */ = {
			isa = PBXGroup;
			children = (
				76711AF72D8CD62500FFEE50 /* HOLD.app */,
			);
			name = Products;
			sourceTree = "<group>";
		};
		76711AF92D8CD62500FFEE50 /* HOLD */ = {
			isa = PBXGroup;
			children = (
				9CD9E0D52DC7C28C00411006 /* Info.plist */,
				7CA106C52DA6D1E4000950FC /* Extensions */,
				7CA106B72DA57F49000950FC /* Manager */,
				7CA106B62DA56510000950FC /* Utilities */,
				762FEBF12D8CEF9E0058F107 /* Services */,
				762FEBC52D8CEA6E0058F107 /* Views */,
				762FEBB82D8CE97F0058F107 /* ViewModels */,
				762FEBAB2D8CE8B80058F107 /* Models */,
				76711AFA2D8CD62500FFEE50 /* HOLDApp.swift */,
				76711AFE2D8CD62700FFEE50 /* Assets.xcassets */,
				76711B002D8CD62700FFEE50 /* Preview Content */,
			);
			path = HOLD;
			sourceTree = "<group>";
		};
		76711B002D8CD62700FFEE50 /* Preview Content */ = {
			isa = PBXGroup;
			children = (
				76711B012D8CD62700FFEE50 /* Preview Assets.xcassets */,
			);
			path = "Preview Content";
			sourceTree = "<group>";
		};
		7C22B9652DC79F14002C3A6E /* Challenges */ = {
			isa = PBXGroup;
			children = (
				7C22B9622DC797F1002C3A6E /* ChallengeCompletionView.swift */,
				762FEBD22D8CECF70058F107 /* ChallengeView.swift */,
				762FEBD82D8CEDB20058F107 /* ChallengeSheetView.swift */,
				7C149D602DB837A6003C0297 /* ChallengeActivityView.swift */,
				7C149D622DB99B99003C0297 /* ChallengeRankView.swift */,
			);
			path = Challenges;
			sourceTree = "<group>";
		};
		7C22B96A2DC7A063002C3A6E /* Measurement */ = {
			isa = PBXGroup;
			children = (
				7C22B9662DC7A05A002C3A6E /* MeasurementCompletionView.swift */,
				7C22B9672DC7A05A002C3A6E /* MeasurementView.swift */,
				7CA106C22DA5C896000950FC /* MeasurementActivityView.swift */,
				762FEBD62D8CED980058F107 /* MeasurementSheetView.swift */,
			);
			path = Measurement;
			sourceTree = "<group>";
		};
		7CA106B62DA56510000950FC /* Utilities */ = {
			isa = PBXGroup;
			children = (
				7CBB89D52DBAD1E300C8429E /* test_workout_hold.json */,
				7C91AB2E2DAED90F00976240 /* knowledge_sample.json */,
				7CA106BE2DA58565000950FC /* AppDelegate.swift */,
				7CA106B42DA564B4000950FC /* CustomFont.swift */,
				9CD9E0C22DC5719A00411006 /* KeyboardResponder.swift */,
			);
			path = Utilities;
			sourceTree = "<group>";
		};
		7CA106B72DA57F49000950FC /* Manager */ = {
			isa = PBXGroup;
			children = (
				7C25C4192DC94F260005B321 /* UserStorage.swift */,
				7CA106BA2DA58119000950FC /* SplashView.swift */,
				7CA106B82DA57F4D000950FC /* NavigationManager.swift */,
			);
			path = Manager;
			sourceTree = "<group>";
		};
		7CA106C52DA6D1E4000950FC /* Extensions */ = {
			isa = PBXGroup;
			children = (
				7CA106C72DA6D45F000950FC /* ColorExtension.swift */,
				7CA106C02DA5BA35000950FC /* View+Extension.swift */,
				7CA106B22DA564A6000950FC /* Font+Extension.swift */,
			);
			path = Extensions;
			sourceTree = "<group>";
		};
		7CA82F362DC7E5F9001C0DFD /* Onboarding */ = {
			isa = PBXGroup;
			children = (
				7C25C42B2DCC73B60005B321 /* MilestoneView.swift */,
				7C25C4292DCC6DF70005B321 /* ReviewView.swift */,
				7C25C4252DCC69F20005B321 /* TutorialWorkoutFinishView.swift */,
				7C25C4272DCC6B530005B321 /* ProgressFinishView.swift */,
				7C25C4232DCC65E80005B321 /* TutorialWorkoutDetailView.swift */,
				7C25C41D2DC9758E0005B321 /* BeforeWeStartView.swift */,
				7C1FADBE2DC826EF00F3EE18 /* PersonalPlanView.swift */,
				7CA82F372DC7E842001C0DFD /* OnboardingView.swift */,
				7C1FADBC2DC808D200F3EE18 /* StartView.swift */,
				7C25C4172DC9489C0005B321 /* GoodNewsView.swift */,
				7C25C41B2DC956340005B321 /* TryHoldWorkoutView.swift */,
				7C25C41F2DC978F50005B321 /* FindLocationView.swift */,
				7C25C4212DCAAE440005B321 /* TryExerciseView.swift */,
			);
			path = Onboarding;
			sourceTree = "<group>";
		};
/* End PBXGroup section */

/* Begin PBXNativeTarget section */
		76711AF62D8CD62500FFEE50 /* HOLD */ = {
			isa = PBXNativeTarget;
			buildConfigurationList = 76711B052D8CD62700FFEE50 /* Build configuration list for PBXNativeTarget "HOLD" */;
			buildPhases = (
				76711AF32D8CD62500FFEE50 /* Sources */,
				76711AF42D8CD62500FFEE50 /* Frameworks */,
				76711AF52D8CD62500FFEE50 /* Resources */,
			);
			buildRules = (
			);
			dependencies = (
			);
			name = HOLD;
			productName = HOLD;
			productReference = 76711AF72D8CD62500FFEE50 /* HOLD.app */;
			productType = "com.apple.product-type.application";
		};
/* End PBXNativeTarget section */

/* Begin PBXProject section */
		76711AEF2D8CD62500FFEE50 /* Project object */ = {
			isa = PBXProject;
			attributes = {
				BuildIndependentTargetsInParallel = 1;
				LastSwiftUpdateCheck = 1540;
				LastUpgradeCheck = 1540;
				TargetAttributes = {
					76711AF62D8CD62500FFEE50 = {
						CreatedOnToolsVersion = 15.4;
					};
				};
			};
			buildConfigurationList = 76711AF22D8CD62500FFEE50 /* Build configuration list for PBXProject "HOLD" */;
			compatibilityVersion = "Xcode 14.0";
			developmentRegion = en;
			hasScannedForEncodings = 0;
			knownRegions = (
				en,
				Base,
			);
			mainGroup = 76711AEE2D8CD62500FFEE50;
			packageReferences = (
				9CD9E0CD2DC7B54E00411006 /* XCRemoteSwiftPackageReference "AppsFlyerFramework" */,
				9CD9E0D02DC7B62C00411006 /* XCRemoteSwiftPackageReference "Superwall-iOS" */,
			);
			productRefGroup = 76711AF82D8CD62500FFEE50 /* Products */;
			projectDirPath = "";
			projectRoot = "";
			targets = (
				76711AF62D8CD62500FFEE50 /* HOLD */,
			);
		};
/* End PBXProject section */

/* Begin PBXResourcesBuildPhase section */
		76711AF52D8CD62500FFEE50 /* Resources */ = {
			isa = PBXResourcesBuildPhase;
			buildActionMask = 2147483647;
			files = (
				76711B022D8CD62700FFEE50 /* Preview Assets.xcassets in Resources */,
				76711AFF2D8CD62700FFEE50 /* Assets.xcassets in Resources */,
				7CBB89D62DBAD1E300C8429E /* test_workout_hold.json in Resources */,
				7C91AB2F2DAED90F00976240 /* knowledge_sample.json in Resources */,
			);
			runOnlyForDeploymentPostprocessing = 0;
		};
/* End PBXResourcesBuildPhase section */

/* Begin PBXSourcesBuildPhase section */
		76711AF32D8CD62500FFEE50 /* Sources */ = {
			isa = PBXSourcesBuildPhase;
			buildActionMask = 2147483647;
			files = (
				762FEBBA2D8CE9910058F107 /* ProgressViewModel.swift in Sources */,
				7C25C4242DCC65E80005B321 /* TutorialWorkoutDetailView.swift in Sources */,
				7C25C4202DC978F50005B321 /* FindLocationView.swift in Sources */,
				7C1FADBD2DC808D200F3EE18 /* StartView.swift in Sources */,
				762FEBE02D8CEE720058F107 /* WorkoutDetailView.swift in Sources */,
				7C1FADBF2DC826EF00F3EE18 /* PersonalPlanView.swift in Sources */,
				762FEBCC2D8CEC160058F107 /* WorkoutTabView.swift in Sources */,
				76711AFB2D8CD62500FFEE50 /* HOLDApp.swift in Sources */,
				762FEBD52D8CED070058F107 /* ProgressGraphView.swift in Sources */,
				762FEBB52D8CE9500058F107 /* UserProfile.swift in Sources */,
				7C25C42A2DCC6DF70005B321 /* ReviewView.swift in Sources */,
				7C22B9682DC7A05A002C3A6E /* MeasurementView.swift in Sources */,
				7C22B9692DC7A05A002C3A6E /* MeasurementCompletionView.swift in Sources */,
				762FEBC02D8CE9B90058F107 /* WorkoutViewModel.swift in Sources */,
				7CA106BF2DA58565000950FC /* AppDelegate.swift in Sources */,
				7C25C42C2DCC73B60005B321 /* MilestoneView.swift in Sources */,
				7C25C41C2DC956340005B321 /* TryHoldWorkoutView.swift in Sources */,
				7CA106C82DA6D467000950FC /* ColorExtension.swift in Sources */,
				7CA106BB2DA58119000950FC /* SplashView.swift in Sources */,
				7CA106B52DA564B4000950FC /* CustomFont.swift in Sources */,
				762FEBAF2D8CE8DE0058F107 /* ChallengeResult.swift in Sources */,
				7C22B96E2DC7B768002C3A6E /* WorkoutView.swift in Sources */,
				7C25C4282DCC6B530005B321 /* ProgressFinishView.swift in Sources */,
				762FEBED2D8CEF5C0058F107 /* KnowledgeView.swift in Sources */,
				7C22B9632DC797F1002C3A6E /* ChallengeCompletionView.swift in Sources */,
				762FEBC42D8CE9D50058F107 /* ProfileViewModel.swift in Sources */,
				762FEBE62D8CEEE30058F107 /* WorkoutFinishView.swift in Sources */,
				762FEBEF2D8CEF6F0058F107 /* KnowledgeDetailView.swift in Sources */,
				7C149D632DB99B99003C0297 /* ChallengeRankView.swift in Sources */,
				762FEBD92D8CEDB20058F107 /* ChallengeSheetView.swift in Sources */,
				7C25C4222DCAAE440005B321 /* TryExerciseView.swift in Sources */,
				7CA106B32DA564A6000950FC /* Font+Extension.swift in Sources */,
				7CA106C12DA5BA35000950FC /* View+Extension.swift in Sources */,
				7C149D612DB837A6003C0297 /* ChallengeActivityView.swift in Sources */,
				762FEBEA2D8CEF0F0058F107 /* StreakWeekViewModel.swift in Sources */,
				762FEBCA2D8CEBE50058F107 /* ProgressTabView.swift in Sources */,
				762FEBB12D8CE91F0058F107 /* Workout.swift in Sources */,
				7C25C41A2DC94F260005B321 /* UserStorage.swift in Sources */,
				762FEBB72D8CE95F0058F107 /* KnowledgeItem.swift in Sources */,
				7CCDA3832DC19E7300C6A84A /* AppBackground.swift in Sources */,
				762FEBDB2D8CEDD50058F107 /* ProgressBarView.swift in Sources */,
				762FEBDE2D8CEE620058F107 /* WorkoutSheetView.swift in Sources */,
				762FEBE42D8CEEBB0058F107 /* WorkoutScrollerView.swift in Sources */,
				762FEBAD2D8CE8CF0058F107 /* Measurement.swift in Sources */,
				7C25C4262DCC69F20005B321 /* TutorialWorkoutFinishView.swift in Sources */,
				762FEBC22D8CE9C70058F107 /* KnowledgeViewModel.swift in Sources */,
				7C25C41E2DC9758E0005B321 /* BeforeWeStartView.swift in Sources */,
				762FEBCE2D8CEC240058F107 /* KnowledgeTabView.swift in Sources */,
				762FEBB32D8CE9430058F107 /* Exercise.swift in Sources */,
				7C25C4182DC9489C0005B321 /* GoodNewsView.swift in Sources */,
				9CD9E0D42DC7B6B200411006 /* AppsFlyerManager.swift in Sources */,
				9CD9E0CC2DC7AFF600411006 /* HapticManager.swift in Sources */,
				7CA82F382DC7E842001C0DFD /* OnboardingView.swift in Sources */,
				9CD9E0C32DC5719A00411006 /* KeyboardResponder.swift in Sources */,
				7CA106C32DA5C89D000950FC /* MeasurementActivityView.swift in Sources */,
				762FEBBC2D8CE9A10058F107 /* MeasurementViewModel.swift in Sources */,
				762FEBBE2D8CE9AD0058F107 /* ChallengeViewModel.swift in Sources */,
				7CA106B92DA57F4D000950FC /* NavigationManager.swift in Sources */,
				762FEBE82D8CEF000058F107 /* StreakWeekView.swift in Sources */,
				762FEBD32D8CECF70058F107 /* ChallengeView.swift in Sources */,
				762FEBE22D8CEEA50058F107 /* ExerciseRingView.swift in Sources */,
				762FEBF32D8CEFAD0058F107 /* NotificationsManager.swift in Sources */,
				762FEBC82D8CEA820058F107 /* MainTabView.swift in Sources */,
				7CA82F352DC7E1BF001C0DFD /* OnboardingQuestion.swift in Sources */,
				762FEBD02D8CEC320058F107 /* ProfileTabView.swift in Sources */,
				762FEBD72D8CED980058F107 /* MeasurementSheetView.swift in Sources */,
				762FEBF52D8CEFB80058F107 /* SubscriptionsManager.swift in Sources */,
			);
			runOnlyForDeploymentPostprocessing = 0;
		};
/* End PBXSourcesBuildPhase section */

/* Begin XCBuildConfiguration section */
		76711B032D8CD62700FFEE50 /* Debug */ = {
			isa = XCBuildConfiguration;
			buildSettings = {
				ALWAYS_SEARCH_USER_PATHS = NO;
				ASSETCATALOG_COMPILER_GENERATE_SWIFT_ASSET_SYMBOL_EXTENSIONS = YES;
				CLANG_ANALYZER_NONNULL = YES;
				CLANG_ANALYZER_NUMBER_OBJECT_CONVERSION = YES_AGGRESSIVE;
				CLANG_CXX_LANGUAGE_STANDARD = "gnu++20";
				CLANG_ENABLE_MODULES = YES;
				CLANG_ENABLE_OBJC_ARC = YES;
				CLANG_ENABLE_OBJC_WEAK = YES;
				CLANG_WARN_BLOCK_CAPTURE_AUTORELEASING = YES;
				CLANG_WARN_BOOL_CONVERSION = YES;
				CLANG_WARN_COMMA = YES;
				CLANG_WARN_CONSTANT_CONVERSION = YES;
				CLANG_WARN_DEPRECATED_OBJC_IMPLEMENTATIONS = YES;
				CLANG_WARN_DIRECT_OBJC_ISA_USAGE = YES_ERROR;
				CLANG_WARN_DOCUMENTATION_COMMENTS = YES;
				CLANG_WARN_EMPTY_BODY = YES;
				CLANG_WARN_ENUM_CONVERSION = YES;
				CLANG_WARN_INFINITE_RECURSION = YES;
				CLANG_WARN_INT_CONVERSION = YES;
				CLANG_WARN_NON_LITERAL_NULL_CONVERSION = YES;
				CLANG_WARN_OBJC_IMPLICIT_RETAIN_SELF = YES;
				CLANG_WARN_OBJC_LITERAL_CONVERSION = YES;
				CLANG_WARN_OBJC_ROOT_CLASS = YES_ERROR;
				CLANG_WARN_QUOTED_INCLUDE_IN_FRAMEWORK_HEADER = YES;
				CLANG_WARN_RANGE_LOOP_ANALYSIS = YES;
				CLANG_WARN_STRICT_PROTOTYPES = YES;
				CLANG_WARN_SUSPICIOUS_MOVE = YES;
				CLANG_WARN_UNGUARDED_AVAILABILITY = YES_AGGRESSIVE;
				CLANG_WARN_UNREACHABLE_CODE = YES;
				CLANG_WARN__DUPLICATE_METHOD_MATCH = YES;
				COPY_PHASE_STRIP = NO;
				DEBUG_INFORMATION_FORMAT = dwarf;
				ENABLE_STRICT_OBJC_MSGSEND = YES;
				ENABLE_TESTABILITY = YES;
				ENABLE_USER_SCRIPT_SANDBOXING = YES;
				GCC_C_LANGUAGE_STANDARD = gnu17;
				GCC_DYNAMIC_NO_PIC = NO;
				GCC_NO_COMMON_BLOCKS = YES;
				GCC_OPTIMIZATION_LEVEL = 0;
				GCC_PREPROCESSOR_DEFINITIONS = (
					"DEBUG=1",
					"$(inherited)",
				);
				GCC_WARN_64_TO_32_BIT_CONVERSION = YES;
				GCC_WARN_ABOUT_RETURN_TYPE = YES_ERROR;
				GCC_WARN_UNDECLARED_SELECTOR = YES;
				GCC_WARN_UNINITIALIZED_AUTOS = YES_AGGRESSIVE;
				GCC_WARN_UNUSED_FUNCTION = YES;
				GCC_WARN_UNUSED_VARIABLE = YES;
				IPHONEOS_DEPLOYMENT_TARGET = 17.5;
				LOCALIZATION_PREFERS_STRING_CATALOGS = YES;
				MTL_ENABLE_DEBUG_INFO = INCLUDE_SOURCE;
				MTL_FAST_MATH = YES;
				ONLY_ACTIVE_ARCH = YES;
				SDKROOT = iphoneos;
				SWIFT_ACTIVE_COMPILATION_CONDITIONS = "DEBUG $(inherited)";
				SWIFT_OPTIMIZATION_LEVEL = "-Onone";
			};
			name = Debug;
		};
		76711B042D8CD62700FFEE50 /* Release */ = {
			isa = XCBuildConfiguration;
			buildSettings = {
				ALWAYS_SEARCH_USER_PATHS = NO;
				ASSETCATALOG_COMPILER_GENERATE_SWIFT_ASSET_SYMBOL_EXTENSIONS = YES;
				CLANG_ANALYZER_NONNULL = YES;
				CLANG_ANALYZER_NUMBER_OBJECT_CONVERSION = YES_AGGRESSIVE;
				CLANG_CXX_LANGUAGE_STANDARD = "gnu++20";
				CLANG_ENABLE_MODULES = YES;
				CLANG_ENABLE_OBJC_ARC = YES;
				CLANG_ENABLE_OBJC_WEAK = YES;
				CLANG_WARN_BLOCK_CAPTURE_AUTORELEASING = YES;
				CLANG_WARN_BOOL_CONVERSION = YES;
				CLANG_WARN_COMMA = YES;
				CLANG_WARN_CONSTANT_CONVERSION = YES;
				CLANG_WARN_DEPRECATED_OBJC_IMPLEMENTATIONS = YES;
				CLANG_WARN_DIRECT_OBJC_ISA_USAGE = YES_ERROR;
				CLANG_WARN_DOCUMENTATION_COMMENTS = YES;
				CLANG_WARN_EMPTY_BODY = YES;
				CLANG_WARN_ENUM_CONVERSION = YES;
				CLANG_WARN_INFINITE_RECURSION = YES;
				CLANG_WARN_INT_CONVERSION = YES;
				CLANG_WARN_NON_LITERAL_NULL_CONVERSION = YES;
				CLANG_WARN_OBJC_IMPLICIT_RETAIN_SELF = YES;
				CLANG_WARN_OBJC_LITERAL_CONVERSION = YES;
				CLANG_WARN_OBJC_ROOT_CLASS = YES_ERROR;
				CLANG_WARN_QUOTED_INCLUDE_IN_FRAMEWORK_HEADER = YES;
				CLANG_WARN_RANGE_LOOP_ANALYSIS = YES;
				CLANG_WARN_STRICT_PROTOTYPES = YES;
				CLANG_WARN_SUSPICIOUS_MOVE = YES;
				CLANG_WARN_UNGUARDED_AVAILABILITY = YES_AGGRESSIVE;
				CLANG_WARN_UNREACHABLE_CODE = YES;
				CLANG_WARN__DUPLICATE_METHOD_MATCH = YES;
				COPY_PHASE_STRIP = NO;
				DEBUG_INFORMATION_FORMAT = "dwarf-with-dsym";
				ENABLE_NS_ASSERTIONS = NO;
				ENABLE_STRICT_OBJC_MSGSEND = YES;
				ENABLE_USER_SCRIPT_SANDBOXING = YES;
				GCC_C_LANGUAGE_STANDARD = gnu17;
				GCC_NO_COMMON_BLOCKS = YES;
				GCC_WARN_64_TO_32_BIT_CONVERSION = YES;
				GCC_WARN_ABOUT_RETURN_TYPE = YES_ERROR;
				GCC_WARN_UNDECLARED_SELECTOR = YES;
				GCC_WARN_UNINITIALIZED_AUTOS = YES_AGGRESSIVE;
				GCC_WARN_UNUSED_FUNCTION = YES;
				GCC_WARN_UNUSED_VARIABLE = YES;
				IPHONEOS_DEPLOYMENT_TARGET = 17.5;
				LOCALIZATION_PREFERS_STRING_CATALOGS = YES;
				MTL_ENABLE_DEBUG_INFO = NO;
				MTL_FAST_MATH = YES;
				SDKROOT = iphoneos;
				SWIFT_COMPILATION_MODE = wholemodule;
				VALIDATE_PRODUCT = YES;
			};
			name = Release;
		};
		76711B062D8CD62700FFEE50 /* Debug */ = {
			isa = XCBuildConfiguration;
			buildSettings = {
				ASSETCATALOG_COMPILER_APPICON_NAME = AppIcon;
				ASSETCATALOG_COMPILER_GLOBAL_ACCENT_COLOR_NAME = AccentColor;
				CODE_SIGN_STYLE = Automatic;
				CURRENT_PROJECT_VERSION = 3;
				DEVELOPMENT_ASSET_PATHS = "\"HOLD/Preview Content\"";
				DEVELOPMENT_TEAM = HXU7ACHQ5T;
				ENABLE_PREVIEWS = YES;
				GENERATE_INFOPLIST_FILE = YES;
				INFOPLIST_FILE = HOLD/Info.plist;
				INFOPLIST_KEY_CFBundleDisplayName = HOLD;
				INFOPLIST_KEY_NSUserTrackingUsageDescription = "We use this data to improve app performance and understand how new users discover us.";
				INFOPLIST_KEY_UIApplicationSceneManifest_Generation = YES;
				INFOPLIST_KEY_UIApplicationSupportsIndirectInputEvents = YES;
				INFOPLIST_KEY_UILaunchScreen_Generation = YES;
				INFOPLIST_KEY_UISupportedInterfaceOrientations = "UIInterfaceOrientationPortrait UIInterfaceOrientationPortraitUpsideDown";
				INFOPLIST_KEY_UISupportedInterfaceOrientations_iPad = "UIInterfaceOrientationLandscapeLeft UIInterfaceOrientationLandscapeRight UIInterfaceOrientationPortrait UIInterfaceOrientationPortraitUpsideDown";
				LD_RUNPATH_SEARCH_PATHS = (
					"$(inherited)",
					"@executable_path/Frameworks",
				);
				MARKETING_VERSION = 1.0;
				PRODUCT_BUNDLE_IDENTIFIER = com.chronos.holdapp;
				PRODUCT_NAME = "$(TARGET_NAME)";
				SWIFT_EMIT_LOC_STRINGS = YES;
				SWIFT_VERSION = 5.0;
				TARGETED_DEVICE_FAMILY = "1,2";
			};
			name = Debug;
		};
		76711B072D8CD62700FFEE50 /* Release */ = {
			isa = XCBuildConfiguration;
			buildSettings = {
				ASSETCATALOG_COMPILER_APPICON_NAME = AppIcon;
				ASSETCATALOG_COMPILER_GLOBAL_ACCENT_COLOR_NAME = AccentColor;
				CODE_SIGN_STYLE = Automatic;
				CURRENT_PROJECT_VERSION = 3;
				DEVELOPMENT_ASSET_PATHS = "\"HOLD/Preview Content\"";
				DEVELOPMENT_TEAM = HXU7ACHQ5T;
				ENABLE_PREVIEWS = YES;
				GENERATE_INFOPLIST_FILE = YES;
				INFOPLIST_FILE = HOLD/Info.plist;
				INFOPLIST_KEY_CFBundleDisplayName = HOLD;
				INFOPLIST_KEY_NSUserTrackingUsageDescription = "We use this data to improve app performance and understand how new users discover us.";
				INFOPLIST_KEY_UIApplicationSceneManifest_Generation = YES;
				INFOPLIST_KEY_UIApplicationSupportsIndirectInputEvents = YES;
				INFOPLIST_KEY_UILaunchScreen_Generation = YES;
				INFOPLIST_KEY_UISupportedInterfaceOrientations = "UIInterfaceOrientationPortrait UIInterfaceOrientationPortraitUpsideDown";
				INFOPLIST_KEY_UISupportedInterfaceOrientations_iPad = "UIInterfaceOrientationLandscapeLeft UIInterfaceOrientationLandscapeRight UIInterfaceOrientationPortrait UIInterfaceOrientationPortraitUpsideDown";
				LD_RUNPATH_SEARCH_PATHS = (
					"$(inherited)",
					"@executable_path/Frameworks",
				);
				MARKETING_VERSION = 1.0;
				PRODUCT_BUNDLE_IDENTIFIER = com.chronos.holdapp;
				PRODUCT_NAME = "$(TARGET_NAME)";
				SWIFT_EMIT_LOC_STRINGS = YES;
				SWIFT_VERSION = 5.0;
				TARGETED_DEVICE_FAMILY = "1,2";
			};
			name = Release;
		};
/* End XCBuildConfiguration section */

/* Begin XCConfigurationList section */
		76711AF22D8CD62500FFEE50 /* Build configuration list for PBXProject "HOLD" */ = {
			isa = XCConfigurationList;
			buildConfigurations = (
				76711B032D8CD62700FFEE50 /* Debug */,
				76711B042D8CD62700FFEE50 /* Release */,
			);
			defaultConfigurationIsVisible = 0;
			defaultConfigurationName = Release;
		};
		76711B052D8CD62700FFEE50 /* Build configuration list for PBXNativeTarget "HOLD" */ = {
			isa = XCConfigurationList;
			buildConfigurations = (
				76711B062D8CD62700FFEE50 /* Debug */,
				76711B072D8CD62700FFEE50 /* Release */,
			);
			defaultConfigurationIsVisible = 0;
			defaultConfigurationName = Release;
		};
/* End XCConfigurationList section */

/* Begin XCRemoteSwiftPackageReference section */
		9CD9E0CD2DC7B54E00411006 /* XCRemoteSwiftPackageReference "AppsFlyerFramework" */ = {
			isa = XCRemoteSwiftPackageReference;
			repositoryURL = "https://github.com/AppsFlyerSDK/AppsFlyerFramework.git";
			requirement = {
				kind = upToNextMajorVersion;
				minimumVersion = 6.17.0;
			};
		};
		9CD9E0D02DC7B62C00411006 /* XCRemoteSwiftPackageReference "Superwall-iOS" */ = {
			isa = XCRemoteSwiftPackageReference;
			repositoryURL = "https://github.com/superwall/Superwall-iOS";
			requirement = {
				kind = upToNextMajorVersion;
				minimumVersion = 4.3.5;
			};
		};
/* End XCRemoteSwiftPackageReference section */

/* Begin XCSwiftPackageProductDependency section */
		9CD9E0CE2DC7B54E00411006 /* AppsFlyerLib */ = {
			isa = XCSwiftPackageProductDependency;
			package = 9CD9E0CD2DC7B54E00411006 /* XCRemoteSwiftPackageReference "AppsFlyerFramework" */;
			productName = AppsFlyerLib;
		};
		9CD9E0D12DC7B62C00411006 /* SuperwallKit */ = {
			isa = XCSwiftPackageProductDependency;
			package = 9CD9E0D02DC7B62C00411006 /* XCRemoteSwiftPackageReference "Superwall-iOS" */;
			productName = SuperwallKit;
		};
/* End XCSwiftPackageProductDependency section */
	};
	rootObject = 76711AEF2D8CD62500FFEE50 /* Project object */;
}
